<?xml version="1.0" encoding="UTF-8"?>
<Project ToolsVersion="12.0" xmlns="http://schemas.microsoft.com/developer/msbuild/2003">
  <ItemGroup>
    <CustomBuild Include="E:\WorkspaceVS2013\ImageSequencePlayerGIF\build\CMakeFiles\0cc004225c1b19577f13bb20992a136b\generate.stamp.rule">
      <Filter>CMake Rules</Filter>
    </CustomBuild>
  </ItemGroup>
  <ItemGroup>
    <Filter Include="CMake Rules">
      <UniqueIdentifier>{A986F4DA-EE3B-336A-A895-5ACFCE0344B2}</UniqueIdentifier>
    </Filter>
  </ItemGroup>
</Project>
